// !$*UTF8*$!
{
	archiveVersion = 1;
	classes = {
	};
	objectVersion = 51;
	objects = {

/* Begin PBXBuildFile section */
		3F31AE7825E2219200B2A6C1 /* AppDelegate.swift in Sources */ = {isa = PBXBuildFile; fileRef = 3F31AE7725E2219200B2A6C1 /* AppDelegate.swift */; };
		3F31AE7A25E2219200B2A6C1 /* SceneDelegate.swift in Sources */ = {isa = PBXBuildFile; fileRef = 3F31AE7925E2219200B2A6C1 /* SceneDelegate.swift */; };
		3F31AE7C25E2219200B2A6C1 /* ViewController.swift in Sources */ = {isa = PBXBuildFile; fileRef = 3F31AE7B25E2219200B2A6C1 /* ViewController.swift */; };
		3F31AE7F25E2219200B2A6C1 /* Main.storyboard in Resources */ = {isa = PBXBuildFile; fileRef = 3F31AE7D25E2219200B2A6C1 /* Main.storyboard */; };
		3F31AE8125E2219600B2A6C1 /* Assets.xcassets in Resources */ = {isa = PBXBuildFile; fileRef = 3F31AE8025E2219600B2A6C1 /* Assets.xcassets */; };
		3F31AE8425E2219600B2A6C1 /* LaunchScreen.storyboard in Resources */ = {isa = PBXBuildFile; fileRef = 3F31AE8225E2219600B2A6C1 /* LaunchScreen.storyboard */; };
		3F31AEA025E2243800B2A6C1 /* GoogleService-Info.plist in Resources */ = {isa = PBXBuildFile; fileRef = 3F31AE9F25E2243800B2A6C1 /* GoogleService-Info.plist */; };
		3F31AEA325E2D97200B2A6C1 /* Signup ViewController.swift in Sources */ = {isa = PBXBuildFile; fileRef = 3F31AEA225E2D97200B2A6C1 /* Signup ViewController.swift */; };
		3F31AEA625E2D97E00B2A6C1 /* Login ViewController.swift in Sources */ = {isa = PBXBuildFile; fileRef = 3F31AEA525E2D97E00B2A6C1 /* Login ViewController.swift */; };
		3F31AEA925E2D98B00B2A6C1 /* Home ViewController.swift in Sources */ = {isa = PBXBuildFile; fileRef = 3F31AEA825E2D98B00B2A6C1 /* Home ViewController.swift */; };
		3F6F15E72618338400836563 /* Profile.swift in Sources */ = {isa = PBXBuildFile; fileRef = 3F6F15E62618338400836563 /* Profile.swift */; };
		3F6F4E5226181ED60024CAEA /* Profiles ViewController.swift in Sources */ = {isa = PBXBuildFile; fileRef = 3F6F4E5126181ED60024CAEA /* Profiles ViewController.swift */; };
		3FDBBD5E25F73D0D0059F4F9 /* Free Period Signup ViewController.swift in Sources */ = {isa = PBXBuildFile; fileRef = 3FDBBD5D25F73D0D0059F4F9 /* Free Period Signup ViewController.swift */; };
		3FE2184425E636C7004C4E51 /* Constants.swift in Sources */ = {isa = PBXBuildFile; fileRef = 3FE2184325E636C7004C4E51 /* Constants.swift */; };
		4A1300CA262C0C1200020D2F /* Study Spot ViewController.swift in Sources */ = {isa = PBXBuildFile; fileRef = 4A1300C9262C0C1200020D2F /* Study Spot ViewController.swift */; };
		4A94260F2635321F0083124F /* Interest Signup ViewController.swift in Sources */ = {isa = PBXBuildFile; fileRef = 4A94260E2635321F0083124F /* Interest Signup ViewController.swift */; };
		4AB06C77265DFB6400A8053E /* Frees IsEditing ViewController.swift in Sources */ = {isa = PBXBuildFile; fileRef = 4AB06C76265DFB6400A8053E /* Frees IsEditing ViewController.swift */; };
		4AB06C7A265DFB9E00A8053E /* Name and Email IsEditing ViewController.swift in Sources */ = {isa = PBXBuildFile; fileRef = 4AB06C79265DFB9E00A8053E /* Name and Email IsEditing ViewController.swift */; };
		4AB06C7D265DFBE400A8053E /* Study Spot IsEditing ViewController.swift in Sources */ = {isa = PBXBuildFile; fileRef = 4AB06C7C265DFBE400A8053E /* Study Spot IsEditing ViewController.swift */; };
		4AB06C80265DFC0600A8053E /* Courses IsEditing ViewController.swift in Sources */ = {isa = PBXBuildFile; fileRef = 4AB06C7F265DFC0600A8053E /* Courses IsEditing ViewController.swift */; };
		4AB06C83265DFC1B00A8053E /* Interests IsEditing ViewController.swift in Sources */ = {isa = PBXBuildFile; fileRef = 4AB06C82265DFC1B00A8053E /* Interests IsEditing ViewController.swift */; };
		4AB442DB26152568005B6234 /* Course Signup ViewController.swift in Sources */ = {isa = PBXBuildFile; fileRef = 4AB442DA26152568005B6234 /* Course Signup ViewController.swift */; };
		4AB442F5261D7E86005B6234 /* Cell.swift in Sources */ = {isa = PBXBuildFile; fileRef = 4AB442F4261D7E86005B6234 /* Cell.swift */; };
		4AB5CAB12653105500CAE9DC /* UserProfileViewController.swift in Sources */ = {isa = PBXBuildFile; fileRef = 4AB5CAB02653105500CAE9DC /* UserProfileViewController.swift */; };
		4AB5CAB426531A2600CAE9DC /* UserProfileIsEditingViewController.swift in Sources */ = {isa = PBXBuildFile; fileRef = 4AB5CAB326531A2600CAE9DC /* UserProfileIsEditingViewController.swift */; };
		634FE0E7552C37CF201DD57A /* Pods_Free_Period_Directory.framework in Frameworks */ = {isa = PBXBuildFile; fileRef = 0A69C4340F4D31AE11428ABB /* Pods_Free_Period_Directory.framework */; };
/* End PBXBuildFile section */

/* Begin PBXFileReference section */
		0A69C4340F4D31AE11428ABB /* Pods_Free_Period_Directory.framework */ = {isa = PBXFileReference; explicitFileType = wrapper.framework; includeInIndex = 0; path = Pods_Free_Period_Directory.framework; sourceTree = BUILT_PRODUCTS_DIR; };
		3818FB2E5528ECBF9A406349 /* Pods-Free Period Directory.release.xcconfig */ = {isa = PBXFileReference; includeInIndex = 1; lastKnownFileType = text.xcconfig; name = "Pods-Free Period Directory.release.xcconfig"; path = "Target Support Files/Pods-Free Period Directory/Pods-Free Period Directory.release.xcconfig"; sourceTree = "<group>"; };
		3F31AE7425E2219200B2A6C1 /* Free Period Directory.app */ = {isa = PBXFileReference; explicitFileType = wrapper.application; includeInIndex = 0; path = "Free Period Directory.app"; sourceTree = BUILT_PRODUCTS_DIR; };
		3F31AE7725E2219200B2A6C1 /* AppDelegate.swift */ = {isa = PBXFileReference; lastKnownFileType = sourcecode.swift; path = AppDelegate.swift; sourceTree = "<group>"; };
		3F31AE7925E2219200B2A6C1 /* SceneDelegate.swift */ = {isa = PBXFileReference; lastKnownFileType = sourcecode.swift; path = SceneDelegate.swift; sourceTree = "<group>"; };
		3F31AE7B25E2219200B2A6C1 /* ViewController.swift */ = {isa = PBXFileReference; lastKnownFileType = sourcecode.swift; path = ViewController.swift; sourceTree = "<group>"; };
		3F31AE7E25E2219200B2A6C1 /* Base */ = {isa = PBXFileReference; lastKnownFileType = file.storyboard; name = Base; path = Base.lproj/Main.storyboard; sourceTree = "<group>"; };
		3F31AE8025E2219600B2A6C1 /* Assets.xcassets */ = {isa = PBXFileReference; lastKnownFileType = folder.assetcatalog; path = Assets.xcassets; sourceTree = "<group>"; };
		3F31AE8325E2219600B2A6C1 /* Base */ = {isa = PBXFileReference; lastKnownFileType = file.storyboard; name = Base; path = Base.lproj/LaunchScreen.storyboard; sourceTree = "<group>"; };
		3F31AE8525E2219600B2A6C1 /* Info.plist */ = {isa = PBXFileReference; lastKnownFileType = text.plist.xml; path = Info.plist; sourceTree = "<group>"; };
		3F31AE9F25E2243800B2A6C1 /* GoogleService-Info.plist */ = {isa = PBXFileReference; fileEncoding = 4; lastKnownFileType = text.plist.xml; path = "GoogleService-Info.plist"; sourceTree = "<group>"; };
		3F31AEA225E2D97200B2A6C1 /* Signup ViewController.swift */ = {isa = PBXFileReference; lastKnownFileType = sourcecode.swift; path = "Signup ViewController.swift"; sourceTree = "<group>"; };
		3F31AEA525E2D97E00B2A6C1 /* Login ViewController.swift */ = {isa = PBXFileReference; lastKnownFileType = sourcecode.swift; path = "Login ViewController.swift"; sourceTree = "<group>"; };
		3F31AEA825E2D98B00B2A6C1 /* Home ViewController.swift */ = {isa = PBXFileReference; lastKnownFileType = sourcecode.swift; path = "Home ViewController.swift"; sourceTree = "<group>"; };
		3F6F15E62618338400836563 /* Profile.swift */ = {isa = PBXFileReference; lastKnownFileType = sourcecode.swift; path = Profile.swift; sourceTree = "<group>"; };
		3F6F4E5126181ED60024CAEA /* Profiles ViewController.swift */ = {isa = PBXFileReference; lastKnownFileType = sourcecode.swift; path = "Profiles ViewController.swift"; sourceTree = "<group>"; };
		3FDBBD5D25F73D0D0059F4F9 /* Free Period Signup ViewController.swift */ = {isa = PBXFileReference; fileEncoding = 4; lastKnownFileType = sourcecode.swift; path = "Free Period Signup ViewController.swift"; sourceTree = "<group>"; };
		3FE2184325E636C7004C4E51 /* Constants.swift */ = {isa = PBXFileReference; lastKnownFileType = sourcecode.swift; path = Constants.swift; sourceTree = "<group>"; };
		4A1300C9262C0C1200020D2F /* Study Spot ViewController.swift */ = {isa = PBXFileReference; lastKnownFileType = sourcecode.swift; path = "Study Spot ViewController.swift"; sourceTree = "<group>"; };
		4A94260E2635321F0083124F /* Interest Signup ViewController.swift */ = {isa = PBXFileReference; lastKnownFileType = sourcecode.swift; path = "Interest Signup ViewController.swift"; sourceTree = "<group>"; };
		4AB06C76265DFB6400A8053E /* Frees IsEditing ViewController.swift */ = {isa = PBXFileReference; lastKnownFileType = sourcecode.swift; path = "Frees IsEditing ViewController.swift"; sourceTree = "<group>"; };
		4AB06C79265DFB9E00A8053E /* Name and Email IsEditing ViewController.swift */ = {isa = PBXFileReference; lastKnownFileType = sourcecode.swift; path = "Name and Email IsEditing ViewController.swift"; sourceTree = "<group>"; };
		4AB06C7C265DFBE400A8053E /* Study Spot IsEditing ViewController.swift */ = {isa = PBXFileReference; lastKnownFileType = sourcecode.swift; path = "Study Spot IsEditing ViewController.swift"; sourceTree = "<group>"; };
		4AB06C7F265DFC0600A8053E /* Courses IsEditing ViewController.swift */ = {isa = PBXFileReference; lastKnownFileType = sourcecode.swift; path = "Courses IsEditing ViewController.swift"; sourceTree = "<group>"; };
		4AB06C82265DFC1B00A8053E /* Interests IsEditing ViewController.swift */ = {isa = PBXFileReference; lastKnownFileType = sourcecode.swift; path = "Interests IsEditing ViewController.swift"; sourceTree = "<group>"; };
		4AB442DA26152568005B6234 /* Course Signup ViewController.swift */ = {isa = PBXFileReference; lastKnownFileType = sourcecode.swift; path = "Course Signup ViewController.swift"; sourceTree = "<group>"; };
		4AB442F4261D7E86005B6234 /* Cell.swift */ = {isa = PBXFileReference; lastKnownFileType = sourcecode.swift; path = Cell.swift; sourceTree = "<group>"; };
		4AB5CAB02653105500CAE9DC /* UserProfileViewController.swift */ = {isa = PBXFileReference; lastKnownFileType = sourcecode.swift; path = UserProfileViewController.swift; sourceTree = "<group>"; };
		4AB5CAB326531A2600CAE9DC /* UserProfileIsEditingViewController.swift */ = {isa = PBXFileReference; lastKnownFileType = sourcecode.swift; path = UserProfileIsEditingViewController.swift; sourceTree = "<group>"; };
		810B4D51D384A700097AAC58 /* Pods-Free Period Directory.debug.xcconfig */ = {isa = PBXFileReference; includeInIndex = 1; lastKnownFileType = text.xcconfig; name = "Pods-Free Period Directory.debug.xcconfig"; path = "Target Support Files/Pods-Free Period Directory/Pods-Free Period Directory.debug.xcconfig"; sourceTree = "<group>"; };
/* End PBXFileReference section */

/* Begin PBXFrameworksBuildPhase section */
		3F31AE7125E2219200B2A6C1 /* Frameworks */ = {
			isa = PBXFrameworksBuildPhase;
			buildActionMask = 2147483647;
			files = (
				634FE0E7552C37CF201DD57A /* Pods_Free_Period_Directory.framework in Frameworks */,
			);
			runOnlyForDeploymentPostprocessing = 0;
		};
/* End PBXFrameworksBuildPhase section */

/* Begin PBXGroup section */
		3F31AE6B25E2219200B2A6C1 = {
			isa = PBXGroup;
			children = (
				3F31AE7625E2219200B2A6C1 /* Free Period Directory */,
				3F31AE7525E2219200B2A6C1 /* Products */,
				D68B6E3DED5F03B9735CB584 /* Pods */,
				44F01060A7F058BE0BF366DC /* Frameworks */,
			);
			sourceTree = "<group>";
		};
		3F31AE7525E2219200B2A6C1 /* Products */ = {
			isa = PBXGroup;
			children = (
				3F31AE7425E2219200B2A6C1 /* Free Period Directory.app */,
			);
			name = Products;
			sourceTree = "<group>";
		};
		3F31AE7625E2219200B2A6C1 /* Free Period Directory */ = {
			isa = PBXGroup;
			children = (
				3FE2184225E636AC004C4E51 /* Helpers */,
				3F31AEAB25E2D99D00B2A6C1 /* View Controllers */,
				3F31AE7725E2219200B2A6C1 /* AppDelegate.swift */,
				3F31AE7925E2219200B2A6C1 /* SceneDelegate.swift */,
				3F31AE7D25E2219200B2A6C1 /* Main.storyboard */,
				3F31AE8025E2219600B2A6C1 /* Assets.xcassets */,
				3F31AE8225E2219600B2A6C1 /* LaunchScreen.storyboard */,
				3F31AE8525E2219600B2A6C1 /* Info.plist */,
				3F31AE9F25E2243800B2A6C1 /* GoogleService-Info.plist */,
			);
			path = "Free Period Directory";
			sourceTree = "<group>";
		};
		3F31AEAB25E2D99D00B2A6C1 /* View Controllers */ = {
			isa = PBXGroup;
			children = (
				4AB06C75265DFB3400A8053E /* IsEditing ViewControllers */,
				3FDBBD4B25F73C030059F4F9 /* Signup ViewControllers */,
				3F31AE7B25E2219200B2A6C1 /* ViewController.swift */,
				3F31AEA525E2D97E00B2A6C1 /* Login ViewController.swift */,
				3F31AEA825E2D98B00B2A6C1 /* Home ViewController.swift */,
				3F6F4E5126181ED60024CAEA /* Profiles ViewController.swift */,
				4AB5CAB02653105500CAE9DC /* UserProfileViewController.swift */,
				4AB5CAB326531A2600CAE9DC /* UserProfileIsEditingViewController.swift */,
			);
			path = "View Controllers";
			sourceTree = "<group>";
		};
		3FDBBD4B25F73C030059F4F9 /* Signup ViewControllers */ = {
			isa = PBXGroup;
			children = (
				3F31AEA225E2D97200B2A6C1 /* Signup ViewController.swift */,
				3FDBBD5D25F73D0D0059F4F9 /* Free Period Signup ViewController.swift */,
				4AB442DA26152568005B6234 /* Course Signup ViewController.swift */,
				4AB442F4261D7E86005B6234 /* Cell.swift */,
				4A1300C9262C0C1200020D2F /* Study Spot ViewController.swift */,
				4A94260E2635321F0083124F /* Interest Signup ViewController.swift */,
			);
			path = "Signup ViewControllers";
			sourceTree = "<group>";
		};
		3FE2184225E636AC004C4E51 /* Helpers */ = {
			isa = PBXGroup;
			children = (
				3FE2184325E636C7004C4E51 /* Constants.swift */,
				3F6F15E62618338400836563 /* Profile.swift */,
			);
			path = Helpers;
			sourceTree = "<group>";
		};
		44F01060A7F058BE0BF366DC /* Frameworks */ = {
			isa = PBXGroup;
			children = (
				0A69C4340F4D31AE11428ABB /* Pods_Free_Period_Directory.framework */,
			);
			name = Frameworks;
			sourceTree = "<group>";
		};
		4AB06C75265DFB3400A8053E /* IsEditing ViewControllers */ = {
			isa = PBXGroup;
			children = (
				4AB06C79265DFB9E00A8053E /* Name and Email IsEditing ViewController.swift */,
				4AB06C76265DFB6400A8053E /* Frees IsEditing ViewController.swift */,
				4AB06C7C265DFBE400A8053E /* Study Spot IsEditing ViewController.swift */,
				4AB06C7F265DFC0600A8053E /* Courses IsEditing ViewController.swift */,
				4AB06C82265DFC1B00A8053E /* Interests IsEditing ViewController.swift */,
			);
			path = "IsEditing ViewControllers";
			sourceTree = "<group>";
		};
		D68B6E3DED5F03B9735CB584 /* Pods */ = {
			isa = PBXGroup;
			children = (
				810B4D51D384A700097AAC58 /* Pods-Free Period Directory.debug.xcconfig */,
				3818FB2E5528ECBF9A406349 /* Pods-Free Period Directory.release.xcconfig */,
			);
			path = Pods;
			sourceTree = "<group>";
		};
/* End PBXGroup section */

/* Begin PBXNativeTarget section */
		3F31AE7325E2219200B2A6C1 /* Free Period Directory */ = {
			isa = PBXNativeTarget;
			buildConfigurationList = 3F31AE8825E2219600B2A6C1 /* Build configuration list for PBXNativeTarget "Free Period Directory" */;
			buildPhases = (
				09A46610A59D17426FDD6BE5 /* [CP] Check Pods Manifest.lock */,
				3F31AE7025E2219200B2A6C1 /* Sources */,
				3F31AE7125E2219200B2A6C1 /* Frameworks */,
				3F31AE7225E2219200B2A6C1 /* Resources */,
				FBD482A110DE65B6EBE8C7C4 /* [CP] Embed Pods Frameworks */,
			);
			buildRules = (
			);
			dependencies = (
			);
			name = "Free Period Directory";
			productName = "Free Period Directory";
			productReference = 3F31AE7425E2219200B2A6C1 /* Free Period Directory.app */;
			productType = "com.apple.product-type.application";
		};
/* End PBXNativeTarget section */

/* Begin PBXProject section */
		3F31AE6C25E2219200B2A6C1 /* Project object */ = {
			isa = PBXProject;
			attributes = {
				LastSwiftUpdateCheck = 1240;
				LastUpgradeCheck = 1240;
				TargetAttributes = {
					3F31AE7325E2219200B2A6C1 = {
						CreatedOnToolsVersion = 12.4;
					};
				};
			};
			buildConfigurationList = 3F31AE6F25E2219200B2A6C1 /* Build configuration list for PBXProject "Free Period Directory" */;
			compatibilityVersion = "Xcode 9.3";
			developmentRegion = en;
			hasScannedForEncodings = 0;
			knownRegions = (
				en,
				Base,
			);
			mainGroup = 3F31AE6B25E2219200B2A6C1;
			productRefGroup = 3F31AE7525E2219200B2A6C1 /* Products */;
			projectDirPath = "";
			projectRoot = "";
			targets = (
				3F31AE7325E2219200B2A6C1 /* Free Period Directory */,
			);
		};
/* End PBXProject section */

/* Begin PBXResourcesBuildPhase section */
		3F31AE7225E2219200B2A6C1 /* Resources */ = {
			isa = PBXResourcesBuildPhase;
			buildActionMask = 2147483647;
			files = (
				3F31AE8425E2219600B2A6C1 /* LaunchScreen.storyboard in Resources */,
				3F31AEA025E2243800B2A6C1 /* GoogleService-Info.plist in Resources */,
				3F31AE8125E2219600B2A6C1 /* Assets.xcassets in Resources */,
				3F31AE7F25E2219200B2A6C1 /* Main.storyboard in Resources */,
			);
			runOnlyForDeploymentPostprocessing = 0;
		};
/* End PBXResourcesBuildPhase section */

/* Begin PBXShellScriptBuildPhase section */
		09A46610A59D17426FDD6BE5 /* [CP] Check Pods Manifest.lock */ = {
			isa = PBXShellScriptBuildPhase;
			buildActionMask = 2147483647;
			files = (
			);
			inputFileListPaths = (
			);
			inputPaths = (
				"${PODS_PODFILE_DIR_PATH}/Podfile.lock",
				"${PODS_ROOT}/Manifest.lock",
			);
			name = "[CP] Check Pods Manifest.lock";
			outputFileListPaths = (
			);
			outputPaths = (
				"$(DERIVED_FILE_DIR)/Pods-Free Period Directory-checkManifestLockResult.txt",
			);
			runOnlyForDeploymentPostprocessing = 0;
			shellPath = /bin/sh;
			shellScript = "diff \"${PODS_PODFILE_DIR_PATH}/Podfile.lock\" \"${PODS_ROOT}/Manifest.lock\" > /dev/null\nif [ $? != 0 ] ; then\n    # print error to STDERR\n    echo \"error: The sandbox is not in sync with the Podfile.lock. Run 'pod install' or update your CocoaPods installation.\" >&2\n    exit 1\nfi\n# This output is used by Xcode 'outputs' to avoid re-running this script phase.\necho \"SUCCESS\" > \"${SCRIPT_OUTPUT_FILE_0}\"\n";
			showEnvVarsInLog = 0;
		};
		FBD482A110DE65B6EBE8C7C4 /* [CP] Embed Pods Frameworks */ = {
			isa = PBXShellScriptBuildPhase;
			buildActionMask = 2147483647;
			files = (
			);
			inputFileListPaths = (
				"${PODS_ROOT}/Target Support Files/Pods-Free Period Directory/Pods-Free Period Directory-frameworks-${CONFIGURATION}-input-files.xcfilelist",
			);
			name = "[CP] Embed Pods Frameworks";
			outputFileListPaths = (
				"${PODS_ROOT}/Target Support Files/Pods-Free Period Directory/Pods-Free Period Directory-frameworks-${CONFIGURATION}-output-files.xcfilelist",
			);
			runOnlyForDeploymentPostprocessing = 0;
			shellPath = /bin/sh;
			shellScript = "\"${PODS_ROOT}/Target Support Files/Pods-Free Period Directory/Pods-Free Period Directory-frameworks.sh\"\n";
			showEnvVarsInLog = 0;
		};
/* End PBXShellScriptBuildPhase section */

/* Begin PBXSourcesBuildPhase section */
		3F31AE7025E2219200B2A6C1 /* Sources */ = {
			isa = PBXSourcesBuildPhase;
			buildActionMask = 2147483647;
			files = (
				4A94260F2635321F0083124F /* Interest Signup ViewController.swift in Sources */,
				3F31AEA925E2D98B00B2A6C1 /* Home ViewController.swift in Sources */,
				3F6F15E72618338400836563 /* Profile.swift in Sources */,
				4AB06C77265DFB6400A8053E /* Frees IsEditing ViewController.swift in Sources */,
				4AB5CAB426531A2600CAE9DC /* UserProfileIsEditingViewController.swift in Sources */,
				3F31AE7C25E2219200B2A6C1 /* ViewController.swift in Sources */,
				3F31AE7825E2219200B2A6C1 /* AppDelegate.swift in Sources */,
				3F31AE7A25E2219200B2A6C1 /* SceneDelegate.swift in Sources */,
				4AB06C80265DFC0600A8053E /* Courses IsEditing ViewController.swift in Sources */,
				4AB442F5261D7E86005B6234 /* Cell.swift in Sources */,
				4AB06C7A265DFB9E00A8053E /* Name and Email IsEditing ViewController.swift in Sources */,
				3F6F4E5226181ED60024CAEA /* Profiles ViewController.swift in Sources */,
				3FE2184425E636C7004C4E51 /* Constants.swift in Sources */,
				4AB5CAB12653105500CAE9DC /* UserProfileViewController.swift in Sources */,
				4AB06C7D265DFBE400A8053E /* Study Spot IsEditing ViewController.swift in Sources */,
				3FDBBD5E25F73D0D0059F4F9 /* Free Period Signup ViewController.swift in Sources */,
				4AB06C83265DFC1B00A8053E /* Interests IsEditing ViewController.swift in Sources */,
				3F31AEA325E2D97200B2A6C1 /* Signup ViewController.swift in Sources */,
				3F31AEA625E2D97E00B2A6C1 /* Login ViewController.swift in Sources */,
				4AB442DB26152568005B6234 /* Course Signup ViewController.swift in Sources */,
				4A1300CA262C0C1200020D2F /* Study Spot ViewController.swift in Sources */,
			);
			runOnlyForDeploymentPostprocessing = 0;
		};
/* End PBXSourcesBuildPhase section */

/* Begin PBXVariantGroup section */
		3F31AE7D25E2219200B2A6C1 /* Main.storyboard */ = {
			isa = PBXVariantGroup;
			children = (
				3F31AE7E25E2219200B2A6C1 /* Base */,
			);
			name = Main.storyboard;
			sourceTree = "<group>";
		};
		3F31AE8225E2219600B2A6C1 /* LaunchScreen.storyboard */ = {
			isa = PBXVariantGroup;
			children = (
				3F31AE8325E2219600B2A6C1 /* Base */,
			);
			name = LaunchScreen.storyboard;
			sourceTree = "<group>";
		};
/* End PBXVariantGroup section */

/* Begin XCBuildConfiguration section */
		3F31AE8625E2219600B2A6C1 /* Debug */ = {
			isa = XCBuildConfiguration;
			buildSettings = {
				ALWAYS_SEARCH_USER_PATHS = NO;
				CLANG_ANALYZER_NONNULL = YES;
				CLANG_ANALYZER_NUMBER_OBJECT_CONVERSION = YES_AGGRESSIVE;
				CLANG_CXX_LANGUAGE_STANDARD = "gnu++14";
				CLANG_CXX_LIBRARY = "libc++";
				CLANG_ENABLE_MODULES = YES;
				CLANG_ENABLE_OBJC_ARC = YES;
				CLANG_ENABLE_OBJC_WEAK = YES;
				CLANG_WARN_BLOCK_CAPTURE_AUTORELEASING = YES;
				CLANG_WARN_BOOL_CONVERSION = YES;
				CLANG_WARN_COMMA = YES;
				CLANG_WARN_CONSTANT_CONVERSION = YES;
				CLANG_WARN_DEPRECATED_OBJC_IMPLEMENTATIONS = YES;
				CLANG_WARN_DIRECT_OBJC_ISA_USAGE = YES_ERROR;
				CLANG_WARN_DOCUMENTATION_COMMENTS = YES;
				CLANG_WARN_EMPTY_BODY = YES;
				CLANG_WARN_ENUM_CONVERSION = YES;
				CLANG_WARN_INFINITE_RECURSION = YES;
				CLANG_WARN_INT_CONVERSION = YES;
				CLANG_WARN_NON_LITERAL_NULL_CONVERSION = YES;
				CLANG_WARN_OBJC_IMPLICIT_RETAIN_SELF = YES;
				CLANG_WARN_OBJC_LITERAL_CONVERSION = YES;
				CLANG_WARN_OBJC_ROOT_CLASS = YES_ERROR;
				CLANG_WARN_QUOTED_INCLUDE_IN_FRAMEWORK_HEADER = YES;
				CLANG_WARN_RANGE_LOOP_ANALYSIS = YES;
				CLANG_WARN_STRICT_PROTOTYPES = YES;
				CLANG_WARN_SUSPICIOUS_MOVE = YES;
				CLANG_WARN_UNGUARDED_AVAILABILITY = YES_AGGRESSIVE;
				CLANG_WARN_UNREACHABLE_CODE = YES;
				CLANG_WARN__DUPLICATE_METHOD_MATCH = YES;
				COPY_PHASE_STRIP = NO;
				DEBUG_INFORMATION_FORMAT = dwarf;
				ENABLE_STRICT_OBJC_MSGSEND = YES;
				ENABLE_TESTABILITY = YES;
				GCC_C_LANGUAGE_STANDARD = gnu11;
				GCC_DYNAMIC_NO_PIC = NO;
				GCC_NO_COMMON_BLOCKS = YES;
				GCC_OPTIMIZATION_LEVEL = 0;
				GCC_PREPROCESSOR_DEFINITIONS = (
					"DEBUG=1",
					"$(inherited)",
				);
				GCC_WARN_64_TO_32_BIT_CONVERSION = YES;
				GCC_WARN_ABOUT_RETURN_TYPE = YES_ERROR;
				GCC_WARN_UNDECLARED_SELECTOR = YES;
				GCC_WARN_UNINITIALIZED_AUTOS = YES_AGGRESSIVE;
				GCC_WARN_UNUSED_FUNCTION = YES;
				GCC_WARN_UNUSED_VARIABLE = YES;
				IPHONEOS_DEPLOYMENT_TARGET = 14.4;
				MTL_ENABLE_DEBUG_INFO = INCLUDE_SOURCE;
				MTL_FAST_MATH = YES;
				ONLY_ACTIVE_ARCH = YES;
				SDKROOT = iphoneos;
				SWIFT_ACTIVE_COMPILATION_CONDITIONS = DEBUG;
				SWIFT_OPTIMIZATION_LEVEL = "-Onone";
			};
			name = Debug;
		};
		3F31AE8725E2219600B2A6C1 /* Release */ = {
			isa = XCBuildConfiguration;
			buildSettings = {
				ALWAYS_SEARCH_USER_PATHS = NO;
				CLANG_ANALYZER_NONNULL = YES;
				CLANG_ANALYZER_NUMBER_OBJECT_CONVERSION = YES_AGGRESSIVE;
				CLANG_CXX_LANGUAGE_STANDARD = "gnu++14";
				CLANG_CXX_LIBRARY = "libc++";
				CLANG_ENABLE_MODULES = YES;
				CLANG_ENABLE_OBJC_ARC = YES;
				CLANG_ENABLE_OBJC_WEAK = YES;
				CLANG_WARN_BLOCK_CAPTURE_AUTORELEASING = YES;
				CLANG_WARN_BOOL_CONVERSION = YES;
				CLANG_WARN_COMMA = YES;
				CLANG_WARN_CONSTANT_CONVERSION = YES;
				CLANG_WARN_DEPRECATED_OBJC_IMPLEMENTATIONS = YES;
				CLANG_WARN_DIRECT_OBJC_ISA_USAGE = YES_ERROR;
				CLANG_WARN_DOCUMENTATION_COMMENTS = YES;
				CLANG_WARN_EMPTY_BODY = YES;
				CLANG_WARN_ENUM_CONVERSION = YES;
				CLANG_WARN_INFINITE_RECURSION = YES;
				CLANG_WARN_INT_CONVERSION = YES;
				CLANG_WARN_NON_LITERAL_NULL_CONVERSION = YES;
				CLANG_WARN_OBJC_IMPLICIT_RETAIN_SELF = YES;
				CLANG_WARN_OBJC_LITERAL_CONVERSION = YES;
				CLANG_WARN_OBJC_ROOT_CLASS = YES_ERROR;
				CLANG_WARN_QUOTED_INCLUDE_IN_FRAMEWORK_HEADER = YES;
				CLANG_WARN_RANGE_LOOP_ANALYSIS = YES;
				CLANG_WARN_STRICT_PROTOTYPES = YES;
				CLANG_WARN_SUSPICIOUS_MOVE = YES;
				CLANG_WARN_UNGUARDED_AVAILABILITY = YES_AGGRESSIVE;
				CLANG_WARN_UNREACHABLE_CODE = YES;
				CLANG_WARN__DUPLICATE_METHOD_MATCH = YES;
				COPY_PHASE_STRIP = NO;
				DEBUG_INFORMATION_FORMAT = "dwarf-with-dsym";
				ENABLE_NS_ASSERTIONS = NO;
				ENABLE_STRICT_OBJC_MSGSEND = YES;
				GCC_C_LANGUAGE_STANDARD = gnu11;
				GCC_NO_COMMON_BLOCKS = YES;
				GCC_WARN_64_TO_32_BIT_CONVERSION = YES;
				GCC_WARN_ABOUT_RETURN_TYPE = YES_ERROR;
				GCC_WARN_UNDECLARED_SELECTOR = YES;
				GCC_WARN_UNINITIALIZED_AUTOS = YES_AGGRESSIVE;
				GCC_WARN_UNUSED_FUNCTION = YES;
				GCC_WARN_UNUSED_VARIABLE = YES;
				IPHONEOS_DEPLOYMENT_TARGET = 14.4;
				MTL_ENABLE_DEBUG_INFO = NO;
				MTL_FAST_MATH = YES;
				SDKROOT = iphoneos;
				SWIFT_COMPILATION_MODE = wholemodule;
				SWIFT_OPTIMIZATION_LEVEL = "-O";
				VALIDATE_PRODUCT = YES;
			};
			name = Release;
		};
		3F31AE8925E2219600B2A6C1 /* Debug */ = {
			isa = XCBuildConfiguration;
			baseConfigurationReference = 810B4D51D384A700097AAC58 /* Pods-Free Period Directory.debug.xcconfig */;
			buildSettings = {
				ASSETCATALOG_COMPILER_APPICON_NAME = AppIcon;
				ASSETCATALOG_COMPILER_GLOBAL_ACCENT_COLOR_NAME = AccentColor;
				CODE_SIGN_STYLE = Automatic;
				DEVELOPMENT_TEAM = 25BU5XQ24H;
				INFOPLIST_FILE = "Free Period Directory/Info.plist";
				IPHONEOS_DEPLOYMENT_TARGET = 14.2;
				LD_RUNPATH_SEARCH_PATHS = (
					"$(inherited)",
					"@executable_path/Frameworks",
				);
				PRODUCT_BUNDLE_IDENTIFIER = "CSV.Free-Period-Directory";
				PRODUCT_NAME = "$(TARGET_NAME)";
				SWIFT_VERSION = 5.0;
				TARGETED_DEVICE_FAMILY = "1,2";
			};
			name = Debug;
		};
		3F31AE8A25E2219600B2A6C1 /* Release */ = {
			isa = XCBuildConfiguration;
			baseConfigurationReference = 3818FB2E5528ECBF9A406349 /* Pods-Free Period Directory.release.xcconfig */;
			buildSettings = {
				ASSETCATALOG_COMPILER_APPICON_NAME = AppIcon;
				ASSETCATALOG_COMPILER_GLOBAL_ACCENT_COLOR_NAME = AccentColor;
				CODE_SIGN_STYLE = Automatic;
				DEVELOPMENT_TEAM = 25BU5XQ24H;
				INFOPLIST_FILE = "Free Period Directory/Info.plist";
				IPHONEOS_DEPLOYMENT_TARGET = 14.2;
				LD_RUNPATH_SEARCH_PATHS = (
					"$(inherited)",
					"@executable_path/Frameworks",
				);
				PRODUCT_BUNDLE_IDENTIFIER = "CSV.Free-Period-Directory";
				PRODUCT_NAME = "$(TARGET_NAME)";
				SWIFT_VERSION = 5.0;
				TARGETED_DEVICE_FAMILY = "1,2";
			};
			name = Release;
		};
/* End XCBuildConfiguration section */

/* Begin XCConfigurationList section */
		3F31AE6F25E2219200B2A6C1 /* Build configuration list for PBXProject "Free Period Directory" */ = {
			isa = XCConfigurationList;
			buildConfigurations = (
				3F31AE8625E2219600B2A6C1 /* Debug */,
				3F31AE8725E2219600B2A6C1 /* Release */,
			);
			defaultConfigurationIsVisible = 0;
			defaultConfigurationName = Release;
		};
		3F31AE8825E2219600B2A6C1 /* Build configuration list for PBXNativeTarget "Free Period Directory" */ = {
			isa = XCConfigurationList;
			buildConfigurations = (
				3F31AE8925E2219600B2A6C1 /* Debug */,
				3F31AE8A25E2219600B2A6C1 /* Release */,
			);
			defaultConfigurationIsVisible = 0;
			defaultConfigurationName = Release;
		};
/* End XCConfigurationList section */
	};
	rootObject = 3F31AE6C25E2219200B2A6C1 /* Project object */;
}
